
Microsoft Visual Studio Solution File, Format Version 12.00
# Visual Studio Version 17
VisualStudioVersion = 17.6.33815.320
MinimumVisualStudioVersion = 10.0.40219.1
Project("{FAE04EC0-301F-11D3-BF4B-00C04F79EFBC}") = "FizzBuzz", "FizzBuzz\FizzBuzz.csproj", "{E4F4DCB3-7894-4054-9B90-9041E75118F5}"
EndProject
Global
	GlobalSection(SolutionConfigurationPlatforms) = preSolution
		Debug|Any CPU = Debug|Any CPU
		Release|Any CPU = Release|Any CPU
	EndGlobalSection
	GlobalSection(ProjectConfigurationPlatforms) = postSolution
		{E4F4DCB3-7894-4054-9B90-9041E75118F5}.Debug|Any CPU.ActiveCfg = Debug|Any CPU
		{E4F4DCB3-7894-4054-9B90-9041E75118F5}.Debug|Any CPU.Build.0 = Debug|Any CPU
		{E4F4DCB3-7894-4054-9B90-9041E75118F5}.Release|Any CPU.ActiveCfg = Release|Any CPU
		{E4F4DCB3-7894-4054-9B90-9041E75118F5}.Release|Any CPU.Build.0 = Release|Any CPU
	EndGlobalSection
	GlobalSection(SolutionProperties) = preSolution
		HideSolutionNode = FALSE
	EndGlobalSection
	GlobalSection(ExtensibilityGlobals) = postSolution
		SolutionGuid = {F9810A71-8335-4483-B8D8-8C34F6A509AA}
	EndGlobalSection
EndGlobal
