
Microsoft Visual Studio Solution File, Format Version 12.00
# Visual Studio Version 17
VisualStudioVersion = 17.6.33815.320
MinimumVisualStudioVersion = 10.0.40219.1
Project("{FAE04EC0-301F-11D3-BF4B-00C04F79EFBC}") = "Binary", "Binary\Binary.csproj", "{FEDD5147-DF73-4270-867E-A4F6C84568A7}"
EndProject
Global
	GlobalSection(SolutionConfigurationPlatforms) = preSolution
		Debug|Any CPU = Debug|Any CPU
		Release|Any CPU = Release|Any CPU
	EndGlobalSection
	GlobalSection(ProjectConfigurationPlatforms) = postSolution
		{FEDD5147-DF73-4270-867E-A4F6C84568A7}.Debug|Any CPU.ActiveCfg = Debug|Any CPU
		{FEDD5147-DF73-4270-867E-A4F6C84568A7}.Debug|Any CPU.Build.0 = Debug|Any CPU
		{FEDD5147-DF73-4270-867E-A4F6C84568A7}.Release|Any CPU.ActiveCfg = Release|Any CPU
		{FEDD5147-DF73-4270-867E-A4F6C84568A7}.Release|Any CPU.Build.0 = Release|Any CPU
	EndGlobalSection
	GlobalSection(SolutionProperties) = preSolution
		HideSolutionNode = FALSE
	EndGlobalSection
	GlobalSection(ExtensibilityGlobals) = postSolution
		SolutionGuid = {68FECEC1-C9FD-4E3F-B6FC-3ECF432446D5}
	EndGlobalSection
EndGlobal
