
Microsoft Visual Studio Solution File, Format Version 12.00
# Visual Studio Version 17
VisualStudioVersion = 17.6.33815.320
MinimumVisualStudioVersion = 10.0.40219.1
Project("{9A19103F-16F7-4668-BE54-9A1E7A4F7556}") = "Chess API", "Chess API\Chess API.csproj", "{14ED70D4-35A1-498E-83C0-2511B6E9DD38}"
EndProject
Project("{FAE04EC0-301F-11D3-BF4B-00C04F79EFBC}") = "Chess APITests", "Chess APITests\Chess APITests.csproj", "{221F42E2-E076-40F7-AA3C-F672741E2F20}"
EndProject
Global
	GlobalSection(SolutionConfigurationPlatforms) = preSolution
		Debug|Any CPU = Debug|Any CPU
		Release|Any CPU = Release|Any CPU
	EndGlobalSection
	GlobalSection(ProjectConfigurationPlatforms) = postSolution
		{14ED70D4-35A1-498E-83C0-2511B6E9DD38}.Debug|Any CPU.ActiveCfg = Debug|Any CPU
		{14ED70D4-35A1-498E-83C0-2511B6E9DD38}.Debug|Any CPU.Build.0 = Debug|Any CPU
		{14ED70D4-35A1-498E-83C0-2511B6E9DD38}.Release|Any CPU.ActiveCfg = Release|Any CPU
		{14ED70D4-35A1-498E-83C0-2511B6E9DD38}.Release|Any CPU.Build.0 = Release|Any CPU
		{221F42E2-E076-40F7-AA3C-F672741E2F20}.Debug|Any CPU.ActiveCfg = Debug|Any CPU
		{221F42E2-E076-40F7-AA3C-F672741E2F20}.Debug|Any CPU.Build.0 = Debug|Any CPU
		{221F42E2-E076-40F7-AA3C-F672741E2F20}.Release|Any CPU.ActiveCfg = Release|Any CPU
		{221F42E2-E076-40F7-AA3C-F672741E2F20}.Release|Any CPU.Build.0 = Release|Any CPU
	EndGlobalSection
	GlobalSection(SolutionProperties) = preSolution
		HideSolutionNode = FALSE
	EndGlobalSection
	GlobalSection(ExtensibilityGlobals) = postSolution
		SolutionGuid = {D549CDB9-BB70-4F67-BBE9-A6858A6011E6}
	EndGlobalSection
EndGlobal
